
Microsoft Visual Studio Solution File, Format Version 12.00
# Visual Studio Version 16
VisualStudioVersion = 16.0.808.3
MinimumVisualStudioVersion = 10.0.40219.1
Project("{FAE04EC0-301F-11D3-BF4B-00C04F79EFBC}") = "Initial", "Initial\Initial.csproj", "{D0214DC9-49FE-4D81-BD49-01C58F20D08E}"
EndProject
Global
	GlobalSection(SolutionConfigurationPlatforms) = preSolution
		Debug|Any CPU = Debug|Any CPU
		Release|Any CPU = Release|Any CPU
	EndGlobalSection
	GlobalSection(ProjectConfigurationPlatforms) = postSolution
		{D0214DC9-49FE-4D81-BD49-01C58F20D08E}.Debug|Any CPU.ActiveCfg = Debug|Any CPU
		{D0214DC9-49FE-4D81-BD49-01C58F20D08E}.Debug|Any CPU.Build.0 = Debug|Any CPU
		{D0214DC9-49FE-4D81-BD49-01C58F20D08E}.Release|Any CPU.ActiveCfg = Release|Any CPU
		{D0214DC9-49FE-4D81-BD49-01C58F20D08E}.Release|Any CPU.Build.0 = Release|Any CPU
	EndGlobalSection
	GlobalSection(SolutionProperties) = preSolution
		HideSolutionNode = FALSE
	EndGlobalSection
	GlobalSection(ExtensibilityGlobals) = postSolution
		SolutionGuid = {5133CAE2-A7D6-48CC-B00B-8C6A76C15A98}
	EndGlobalSection
EndGlobal
